
Microsoft Visual Studio Solution File, Format Version 12.00
# Visual Studio Version 17
VisualStudioVersion = 17.4.33213.308
MinimumVisualStudioVersion = 10.0.40219.1
Project("{9A19103F-16F7-4668-BE54-9A1E7A4F7556}") = "CloneSAP-API", "CloneSAP-API\CloneSAP-API.csproj", "{58B410D1-3678-4DFA-BFD0-5939FB313D82}"
EndProject
Project("{FAE04EC0-301F-11D3-BF4B-00C04F79EFBC}") = "GuiSAP", "GuiSAP\GuiSAP.csproj", "{AB48FD4E-562C-43A8-B096-F18EDE8D2418}"
EndProject
Project("{9A19103F-16F7-4668-BE54-9A1E7A4F7556}") = "UserSAP", "UserSAP\UserSAP.csproj", "{9FEE3C6E-4EC3-43B8-9149-543CDFEF0AC1}"
EndProject
Project("{FAE04EC0-301F-11D3-BF4B-00C04F79EFBC}") = "SAPLib", "SAPLib\SAPLib.csproj", "{4F4C9D2C-1DD7-427D-AB24-AB3A69A4E4D7}"
EndProject
Global
	GlobalSection(SolutionConfigurationPlatforms) = preSolution
		Debug|Any CPU = Debug|Any CPU
		Release|Any CPU = Release|Any CPU
	EndGlobalSection
	GlobalSection(ProjectConfigurationPlatforms) = postSolution
		{58B410D1-3678-4DFA-BFD0-5939FB313D82}.Debug|Any CPU.ActiveCfg = Debug|Any CPU
		{58B410D1-3678-4DFA-BFD0-5939FB313D82}.Debug|Any CPU.Build.0 = Debug|Any CPU
		{58B410D1-3678-4DFA-BFD0-5939FB313D82}.Release|Any CPU.ActiveCfg = Release|Any CPU
		{58B410D1-3678-4DFA-BFD0-5939FB313D82}.Release|Any CPU.Build.0 = Release|Any CPU
		{AB48FD4E-562C-43A8-B096-F18EDE8D2418}.Debug|Any CPU.ActiveCfg = Debug|Any CPU
		{AB48FD4E-562C-43A8-B096-F18EDE8D2418}.Debug|Any CPU.Build.0 = Debug|Any CPU
		{AB48FD4E-562C-43A8-B096-F18EDE8D2418}.Release|Any CPU.ActiveCfg = Release|Any CPU
		{AB48FD4E-562C-43A8-B096-F18EDE8D2418}.Release|Any CPU.Build.0 = Release|Any CPU
		{9FEE3C6E-4EC3-43B8-9149-543CDFEF0AC1}.Debug|Any CPU.ActiveCfg = Debug|Any CPU
		{9FEE3C6E-4EC3-43B8-9149-543CDFEF0AC1}.Debug|Any CPU.Build.0 = Debug|Any CPU
		{9FEE3C6E-4EC3-43B8-9149-543CDFEF0AC1}.Release|Any CPU.ActiveCfg = Release|Any CPU
		{9FEE3C6E-4EC3-43B8-9149-543CDFEF0AC1}.Release|Any CPU.Build.0 = Release|Any CPU
		{4F4C9D2C-1DD7-427D-AB24-AB3A69A4E4D7}.Debug|Any CPU.ActiveCfg = Debug|Any CPU
		{4F4C9D2C-1DD7-427D-AB24-AB3A69A4E4D7}.Debug|Any CPU.Build.0 = Debug|Any CPU
		{4F4C9D2C-1DD7-427D-AB24-AB3A69A4E4D7}.Release|Any CPU.ActiveCfg = Release|Any CPU
		{4F4C9D2C-1DD7-427D-AB24-AB3A69A4E4D7}.Release|Any CPU.Build.0 = Release|Any CPU
	EndGlobalSection
	GlobalSection(SolutionProperties) = preSolution
		HideSolutionNode = FALSE
	EndGlobalSection
	GlobalSection(ExtensibilityGlobals) = postSolution
		SolutionGuid = {A1D4952A-9444-48BE-BB57-B1DE2206F380}
	EndGlobalSection
EndGlobal
